// !$*UTF8*$!
{
	archiveVersion = 1;
	classes = {
	};
	objectVersion = 50;
	objects = {

/* Begin PBXBuildFile section */
		56B2331E2674E56E004BBE28 /* Assets.xcassets in Resources */ = {isa = PBXBuildFile; fileRef = 56B2331D2674E56E004BBE28 /* Assets.xcassets */; };
		56B233212674E56E004BBE28 /* (null) in Resources */ = {isa = PBXBuildFile; };
		56B2332B2674E5B9004BBE28 /* main.swift in Sources */ = {isa = PBXBuildFile; fileRef = 56B2332A2674E5B9004BBE28 /* main.swift */; };
		56B233312674E741004BBE28 /* LaunchScreen.xib in Resources */ = {isa = PBXBuildFile; fileRef = 56B233302674E741004BBE28 /* LaunchScreen.xib */; };
		56B233392674EA0E004BBE28 /* learnopengl_main.framework in Frameworks */ = {isa = PBXBuildFile; fileRef = 56B233382674EA0E004BBE28 /* learnopengl_main.framework */; };
		56B2333A2674EA0E004BBE28 /* learnopengl_main.framework in Embed Frameworks */ = {isa = PBXBuildFile; fileRef = 56B233382674EA0E004BBE28 /* learnopengl_main.framework */; settings = {ATTRIBUTES = (CodeSignOnCopy, RemoveHeadersOnCopy, ); }; };
/* End PBXBuildFile section */

/* Begin PBXCopyFilesBuildPhase section */
		56B233372674E8A7004BBE28 /* Embed Frameworks */ = {
			isa = PBXCopyFilesBuildPhase;
			buildActionMask = 2147483647;
			dstPath = "";
			dstSubfolderSpec = 10;
			files = (
				56B2333A2674EA0E004BBE28 /* learnopengl_main.framework in Embed Frameworks */,
			);
			name = "Embed Frameworks";
			runOnlyForDeploymentPostprocessing = 0;
		};
/* End PBXCopyFilesBuildPhase section */

/* Begin PBXFileReference section */
		56B233112674E56A004BBE28 /* learnopengl-ios.app */ = {isa = PBXFileReference; explicitFileType = wrapper.application; includeInIndex = 0; path = "learnopengl-ios.app"; sourceTree = BUILT_PRODUCTS_DIR; };
		56B2331D2674E56E004BBE28 /* Assets.xcassets */ = {isa = PBXFileReference; lastKnownFileType = folder.assetcatalog; path = Assets.xcassets; sourceTree = "<group>"; };
		56B233222674E56E004BBE28 /* Info.plist */ = {isa = PBXFileReference; lastKnownFileType = text.plist.xml; path = Info.plist; sourceTree = "<group>"; };
		56B2332A2674E5B9004BBE28 /* main.swift */ = {isa = PBXFileReference; fileEncoding = 4; lastKnownFileType = sourcecode.swift; path = main.swift; sourceTree = SOURCE_ROOT; };
		56B233302674E741004BBE28 /* LaunchScreen.xib */ = {isa = PBXFileReference; fileEncoding = 4; lastKnownFileType = file.xib; path = LaunchScreen.xib; sourceTree = SOURCE_ROOT; };
		56B233382674EA0E004BBE28 /* learnopengl_main.framework */ = {isa = PBXFileReference; lastKnownFileType = wrapper.framework; name = learnopengl_main.framework; path = ../build/bin/ios/debugFramework/learnopengl_main.framework; sourceTree = "<group>"; };
/* End PBXFileReference section */

/* Begin PBXFrameworksBuildPhase section */
		56B2330E2674E56A004BBE28 /* Frameworks */ = {
			isa = PBXFrameworksBuildPhase;
			buildActionMask = 2147483647;
			files = (
				56B233392674EA0E004BBE28 /* learnopengl_main.framework in Frameworks */,
			);
			runOnlyForDeploymentPostprocessing = 0;
		};
/* End PBXFrameworksBuildPhase section */

/* Begin PBXGroup section */
		56B233082674E56A004BBE28 = {
			isa = PBXGroup;
			children = (
				56B233132674E56A004BBE28 /* learnopengl-ios */,
				56B233122674E56A004BBE28 /* Products */,
				56B233332674E8A7004BBE28 /* Frameworks */,
			);
			sourceTree = "<group>";
		};
		56B233122674E56A004BBE28 /* Products */ = {
			isa = PBXGroup;
			children = (
				56B233112674E56A004BBE28 /* learnopengl-ios.app */,
			);
			name = Products;
			sourceTree = "<group>";
		};
		56B233132674E56A004BBE28 /* learnopengl-ios */ = {
			isa = PBXGroup;
			children = (
				56B2332A2674E5B9004BBE28 /* main.swift */,
				56B2331D2674E56E004BBE28 /* Assets.xcassets */,
				56B233302674E741004BBE28 /* LaunchScreen.xib */,
				56B233222674E56E004BBE28 /* Info.plist */,
			);
			path = "learnopengl-ios";
			sourceTree = "<group>";
		};
		56B233332674E8A7004BBE28 /* Frameworks */ = {
			isa = PBXGroup;
			children = (
				56B233382674EA0E004BBE28 /* learnopengl_main.framework */,
			);
			name = Frameworks;
			sourceTree = "<group>";
		};
/* End PBXGroup section */

/* Begin PBXNativeTarget section */
		56B233102674E56A004BBE28 /* learnopengl-ios */ = {
			isa = PBXNativeTarget;
			buildConfigurationList = 56B233252674E56E004BBE28 /* Build configuration list for PBXNativeTarget "learnopengl-ios" */;
			buildPhases = (
				56B2333B2674F077004BBE28 /* Copy Resources */,
				56B2330D2674E56A004BBE28 /* Sources */,
				56B2330E2674E56A004BBE28 /* Frameworks */,
				56B2330F2674E56A004BBE28 /* Resources */,
				56B233372674E8A7004BBE28 /* Embed Frameworks */,
			);
			buildRules = (
			);
			dependencies = (
			);
			name = "learnopengl-ios";
			productName = "learnopengl-ios";
			productReference = 56B233112674E56A004BBE28 /* learnopengl-ios.app */;
			productType = "com.apple.product-type.application";
		};
/* End PBXNativeTarget section */

/* Begin PBXProject section */
		56B233092674E56A004BBE28 /* Project object */ = {
			isa = PBXProject;
			attributes = {
				LastSwiftUpdateCheck = 1240;
				LastUpgradeCheck = 1240;
				TargetAttributes = {
					56B233102674E56A004BBE28 = {
						CreatedOnToolsVersion = 12.4;
						LastSwiftMigration = 1240;
					};
				};
			};
			buildConfigurationList = 56B2330C2674E56A004BBE28 /* Build configuration list for PBXProject "learnopengl-ios" */;
			compatibilityVersion = "Xcode 9.3";
			developmentRegion = en;
			hasScannedForEncodings = 0;
			knownRegions = (
				en,
				Base,
			);
			mainGroup = 56B233082674E56A004BBE28;
			productRefGroup = 56B233122674E56A004BBE28 /* Products */;
			projectDirPath = "";
			projectRoot = "";
			targets = (
				56B233102674E56A004BBE28 /* learnopengl-ios */,
			);
		};
/* End PBXProject section */

/* Begin PBXResourcesBuildPhase section */
		56B2330F2674E56A004BBE28 /* Resources */ = {
			isa = PBXResourcesBuildPhase;
			buildActionMask = 2147483647;
			files = (
				56B233212674E56E004BBE28 /* (null) in Resources */,
				56B233312674E741004BBE28 /* LaunchScreen.xib in Resources */,
				56B2331E2674E56E004BBE28 /* Assets.xcassets in Resources */,
			);
			runOnlyForDeploymentPostprocessing = 0;
		};
/* End PBXResourcesBuildPhase section */

/* Begin PBXShellScriptBuildPhase section */
		56B2333B2674F077004BBE28 /* Copy Resources */ = {
			isa = PBXShellScriptBuildPhase;
			buildActionMask = 2147483647;
			files = (
			);
			inputFileListPaths = (
			);
			inputPaths = (
			);
			name = "Copy Resources";
			outputFileListPaths = (
			);
			outputPaths = (
			);
			runOnlyForDeploymentPostprocessing = 0;
			shellPath = /bin/sh;
			shellScript = "cp -r ${MAIN_RESOURCES}/ ${BUILT_PRODUCTS_DIR}/${PRODUCT_NAME}.app/assets\n\n";
		};
/* End PBXShellScriptBuildPhase section */

/* Begin PBXSourcesBuildPhase section */
		56B2330D2674E56A004BBE28 /* Sources */ = {
			isa = PBXSourcesBuildPhase;
			buildActionMask = 2147483647;
			files = (
				56B2332B2674E5B9004BBE28 /* main.swift in Sources */,
			);
			runOnlyForDeploymentPostprocessing = 0;
		};
/* End PBXSourcesBuildPhase section */

/* Begin XCBuildConfiguration section */
		56B233232674E56E004BBE28 /* Debug */ = {
			isa = XCBuildConfiguration;
			buildSettings = {
				ALWAYS_SEARCH_USER_PATHS = NO;
				CLANG_ANALYZER_NONNULL = YES;
				CLANG_ANALYZER_NUMBER_OBJECT_CONVERSION = YES_AGGRESSIVE;
				CLANG_CXX_LANGUAGE_STANDARD = "gnu++14";
				CLANG_CXX_LIBRARY = "libc++";
				CLANG_ENABLE_MODULES = YES;
				CLANG_ENABLE_OBJC_ARC = YES;
				CLANG_ENABLE_OBJC_WEAK = YES;
				CLANG_WARN_BLOCK_CAPTURE_AUTORELEASING = YES;
				CLANG_WARN_BOOL_CONVERSION = YES;
				CLANG_WARN_COMMA = YES;
				CLANG_WARN_CONSTANT_CONVERSION = YES;
				CLANG_WARN_DEPRECATED_OBJC_IMPLEMENTATIONS = YES;
				CLANG_WARN_DIRECT_OBJC_ISA_USAGE = YES_ERROR;
				CLANG_WARN_DOCUMENTATION_COMMENTS = YES;
				CLANG_WARN_EMPTY_BODY = YES;
				CLANG_WARN_ENUM_CONVERSION = YES;
				CLANG_WARN_INFINITE_RECURSION = YES;
				CLANG_WARN_INT_CONVERSION = YES;
				CLANG_WARN_NON_LITERAL_NULL_CONVERSION = YES;
				CLANG_WARN_OBJC_IMPLICIT_RETAIN_SELF = YES;
				CLANG_WARN_OBJC_LITERAL_CONVERSION = YES;
				CLANG_WARN_OBJC_ROOT_CLASS = YES_ERROR;
				CLANG_WARN_QUOTED_INCLUDE_IN_FRAMEWORK_HEADER = YES;
				CLANG_WARN_RANGE_LOOP_ANALYSIS = YES;
				CLANG_WARN_STRICT_PROTOTYPES = YES;
				CLANG_WARN_SUSPICIOUS_MOVE = YES;
				CLANG_WARN_UNGUARDED_AVAILABILITY = YES_AGGRESSIVE;
				CLANG_WARN_UNREACHABLE_CODE = YES;
				CLANG_WARN__DUPLICATE_METHOD_MATCH = YES;
				COPY_PHASE_STRIP = NO;
				DEBUG_INFORMATION_FORMAT = dwarf;
				ENABLE_STRICT_OBJC_MSGSEND = YES;
				ENABLE_TESTABILITY = YES;
				GCC_C_LANGUAGE_STANDARD = gnu11;
				GCC_DYNAMIC_NO_PIC = NO;
				GCC_NO_COMMON_BLOCKS = YES;
				GCC_OPTIMIZATION_LEVEL = 0;
				GCC_PREPROCESSOR_DEFINITIONS = (
					"DEBUG=1",
					"$(inherited)",
				);
				GCC_WARN_64_TO_32_BIT_CONVERSION = YES;
				GCC_WARN_ABOUT_RETURN_TYPE = YES_ERROR;
				GCC_WARN_UNDECLARED_SELECTOR = YES;
				GCC_WARN_UNINITIALIZED_AUTOS = YES_AGGRESSIVE;
				GCC_WARN_UNUSED_FUNCTION = YES;
				GCC_WARN_UNUSED_VARIABLE = YES;
				IPHONEOS_DEPLOYMENT_TARGET = 14.4;
				MTL_ENABLE_DEBUG_INFO = INCLUDE_SOURCE;
				MTL_FAST_MATH = YES;
				ONLY_ACTIVE_ARCH = YES;
				SDKROOT = iphoneos;
				SWIFT_ACTIVE_COMPILATION_CONDITIONS = DEBUG;
				SWIFT_OPTIMIZATION_LEVEL = "-Onone";
			};
			name = Debug;
		};
		56B233242674E56E004BBE28 /* Release */ = {
			isa = XCBuildConfiguration;
			buildSettings = {
				ALWAYS_SEARCH_USER_PATHS = NO;
				CLANG_ANALYZER_NONNULL = YES;
				CLANG_ANALYZER_NUMBER_OBJECT_CONVERSION = YES_AGGRESSIVE;
				CLANG_CXX_LANGUAGE_STANDARD = "gnu++14";
				CLANG_CXX_LIBRARY = "libc++";
				CLANG_ENABLE_MODULES = YES;
				CLANG_ENABLE_OBJC_ARC = YES;
				CLANG_ENABLE_OBJC_WEAK = YES;
				CLANG_WARN_BLOCK_CAPTURE_AUTORELEASING = YES;
				CLANG_WARN_BOOL_CONVERSION = YES;
				CLANG_WARN_COMMA = YES;
				CLANG_WARN_CONSTANT_CONVERSION = YES;
				CLANG_WARN_DEPRECATED_OBJC_IMPLEMENTATIONS = YES;
				CLANG_WARN_DIRECT_OBJC_ISA_USAGE = YES_ERROR;
				CLANG_WARN_DOCUMENTATION_COMMENTS = YES;
				CLANG_WARN_EMPTY_BODY = YES;
				CLANG_WARN_ENUM_CONVERSION = YES;
				CLANG_WARN_INFINITE_RECURSION = YES;
				CLANG_WARN_INT_CONVERSION = YES;
				CLANG_WARN_NON_LITERAL_NULL_CONVERSION = YES;
				CLANG_WARN_OBJC_IMPLICIT_RETAIN_SELF = YES;
				CLANG_WARN_OBJC_LITERAL_CONVERSION = YES;
				CLANG_WARN_OBJC_ROOT_CLASS = YES_ERROR;
				CLANG_WARN_QUOTED_INCLUDE_IN_FRAMEWORK_HEADER = YES;
				CLANG_WARN_RANGE_LOOP_ANALYSIS = YES;
				CLANG_WARN_STRICT_PROTOTYPES = YES;
				CLANG_WARN_SUSPICIOUS_MOVE = YES;
				CLANG_WARN_UNGUARDED_AVAILABILITY = YES_AGGRESSIVE;
				CLANG_WARN_UNREACHABLE_CODE = YES;
				CLANG_WARN__DUPLICATE_METHOD_MATCH = YES;
				COPY_PHASE_STRIP = NO;
				DEBUG_INFORMATION_FORMAT = "dwarf-with-dsym";
				ENABLE_NS_ASSERTIONS = NO;
				ENABLE_STRICT_OBJC_MSGSEND = YES;
				GCC_C_LANGUAGE_STANDARD = gnu11;
				GCC_NO_COMMON_BLOCKS = YES;
				GCC_WARN_64_TO_32_BIT_CONVERSION = YES;
				GCC_WARN_ABOUT_RETURN_TYPE = YES_ERROR;
				GCC_WARN_UNDECLARED_SELECTOR = YES;
				GCC_WARN_UNINITIALIZED_AUTOS = YES_AGGRESSIVE;
				GCC_WARN_UNUSED_FUNCTION = YES;
				GCC_WARN_UNUSED_VARIABLE = YES;
				IPHONEOS_DEPLOYMENT_TARGET = 14.4;
				MTL_ENABLE_DEBUG_INFO = NO;
				MTL_FAST_MATH = YES;
				SDKROOT = iphoneos;
				SWIFT_COMPILATION_MODE = wholemodule;
				SWIFT_OPTIMIZATION_LEVEL = "-O";
				VALIDATE_PRODUCT = YES;
			};
			name = Release;
		};
		56B233262674E56E004BBE28 /* Debug */ = {
			isa = XCBuildConfiguration;
			buildSettings = {
				ASSETCATALOG_COMPILER_GLOBAL_ACCENT_COLOR_NAME = AccentColor;
				CLANG_ENABLE_MODULES = YES;
				CODE_SIGN_STYLE = Automatic;
				DEVELOPMENT_TEAM = 24ZYCJSH69;
				FRAMEWORK_SEARCH_PATHS = "/Users/dmitrykolesnikovich/workspace/featurea/projects/whoplee/learnopengl/assemble/learnopengl-ios/build/bin/ios/debugFramework";
				INFOPLIST_FILE = "$(SRCROOT)/Info.plist";
				LD_RUNPATH_SEARCH_PATHS = (
					"$(inherited)",
					"@executable_path/Frameworks",
				);
				MAIN_RESOURCES = /Users/dmitrykolesnikovich/workspace/featurea/projects/whoplee/learnopengl/res;
				PRODUCT_BUNDLE_IDENTIFIER = "dmitrykolesnikovich.learnopengl-ios";
				PRODUCT_NAME = "$(TARGET_NAME)";
				SWIFT_OPTIMIZATION_LEVEL = "-Onone";
				SWIFT_VERSION = 5.0;
				TARGETED_DEVICE_FAMILY = "1,2";
			};
			name = Debug;
		};
		56B233272674E56E004BBE28 /* Release */ = {
			isa = XCBuildConfiguration;
			buildSettings = {
				ASSETCATALOG_COMPILER_GLOBAL_ACCENT_COLOR_NAME = AccentColor;
				CLANG_ENABLE_MODULES = YES;
				CODE_SIGN_STYLE = Automatic;
				DEVELOPMENT_TEAM = 24ZYCJSH69;
				FRAMEWORK_SEARCH_PATHS = "/Users/dmitrykolesnikovich/workspace/featurea/projects/whoplee/learnopengl/assemble/learnopengl-ios/build/bin/ios/debugFramework";
				INFOPLIST_FILE = "$(SRCROOT)/Info.plist";
				LD_RUNPATH_SEARCH_PATHS = (
					"$(inherited)",
					"@executable_path/Frameworks",
				);
				MAIN_RESOURCES = /Users/dmitrykolesnikovich/workspace/featurea/projects/whoplee/learnopengl/res;
				PRODUCT_BUNDLE_IDENTIFIER = "dmitrykolesnikovich.learnopengl-ios";
				PRODUCT_NAME = "$(TARGET_NAME)";
				SWIFT_VERSION = 5.0;
				TARGETED_DEVICE_FAMILY = "1,2";
			};
			name = Release;
		};
/* End XCBuildConfiguration section */

/* Begin XCConfigurationList section */
		56B2330C2674E56A004BBE28 /* Build configuration list for PBXProject "learnopengl-ios" */ = {
			isa = XCConfigurationList;
			buildConfigurations = (
				56B233232674E56E004BBE28 /* Debug */,
				56B233242674E56E004BBE28 /* Release */,
			);
			defaultConfigurationIsVisible = 0;
			defaultConfigurationName = Release;
		};
		56B233252674E56E004BBE28 /* Build configuration list for PBXNativeTarget "learnopengl-ios" */ = {
			isa = XCConfigurationList;
			buildConfigurations = (
				56B233262674E56E004BBE28 /* Debug */,
				56B233272674E56E004BBE28 /* Release */,
			);
			defaultConfigurationIsVisible = 0;
			defaultConfigurationName = Release;
		};
/* End XCConfigurationList section */
	};
	rootObject = 56B233092674E56A004BBE28 /* Project object */;
}
